
Microsoft Visual Studio Solution File, Format Version 12.00
# Visual Studio Version 17
VisualStudioVersion = 17.6.33815.320
MinimumVisualStudioVersion = 10.0.40219.1
Project("{FAE04EC0-301F-11D3-BF4B-00C04F79EFBC}") = "PriceTracker.Web", "PriceTracker.Web\PriceTracker.Web.csproj", "{C434E2D2-0C98-4672-BA30-89C66AC1F909}"
EndProject
Global
	GlobalSection(SolutionConfigurationPlatforms) = preSolution
		Debug|Any CPU = Debug|Any CPU
		Release|Any CPU = Release|Any CPU
	EndGlobalSection
	GlobalSection(ProjectConfigurationPlatforms) = postSolution
		{C434E2D2-0C98-4672-BA30-89C66AC1F909}.Debug|Any CPU.ActiveCfg = Debug|Any CPU
		{C434E2D2-0C98-4672-BA30-89C66AC1F909}.Debug|Any CPU.Build.0 = Debug|Any CPU
		{C434E2D2-0C98-4672-BA30-89C66AC1F909}.Release|Any CPU.ActiveCfg = Release|Any CPU
		{C434E2D2-0C98-4672-BA30-89C66AC1F909}.Release|Any CPU.Build.0 = Release|Any CPU
	EndGlobalSection
	GlobalSection(SolutionProperties) = preSolution
		HideSolutionNode = FALSE
	EndGlobalSection
	GlobalSection(ExtensibilityGlobals) = postSolution
		SolutionGuid = {FB6523BD-AA50-4A60-BB77-588DF59C6743}
	EndGlobalSection
EndGlobal
